{
  "originHash" : "ae075554db33728a8be0806e3b129ffa8facab59da9ec5819822d05f3083b043",
  "pins" : [
    {
      "identity" : "rfkit",
      "kind" : "remoteSourceControl",
      "location" : "https://github.com/rasmuslos/RFKit",
      "state" : {
        "branch" : "main",
        "revision" : "0aad100f886b5277ff6e121825d3ef3ad0183994"
      }
    }
  ],
  "version" : 3
}
