// !$*UTF8*$!
{
	archiveVersion = 1;
	classes = {
	};
	objectVersion = 77;
	objects = {

/* Begin PBXBuildFile section */
		3A293F8F2CE1F7870052D6BF /* WireGuardExtension.appex in Embed Foundation Extensions */ = {isa = PBXBuildFile; fileRef = 3AF173172CE10749002D8B1C /* WireGuardExtension.appex */; settings = {ATTRIBUTES = (RemoveHeadersOnCopy, ); }; };
		3AF173192CE10749002D8B1C /* NetworkExtension.framework in Frameworks */ = {isa = PBXBuildFile; fileRef = 3AF173182CE10749002D8B1C /* NetworkExtension.framework */; };
		3AF173782CE117B8002D8B1C /* WireGuardKit in Frameworks */ = {isa = PBXBuildFile; productRef = 3AF173772CE117B8002D8B1C /* WireGuardKit */; };
		3AF1737A2CE117CB002D8B1C /* SatelliteGuardKit in Frameworks */ = {isa = PBXBuildFile; productRef = 3AF173792CE117CB002D8B1C /* SatelliteGuardKit */; };
		3AF1737C2CE117D0002D8B1C /* SatelliteGuardKit in Frameworks */ = {isa = PBXBuildFile; productRef = 3AF1737B2CE117D0002D8B1C /* SatelliteGuardKit */; };
/* End PBXBuildFile section */

/* Begin PBXContainerItemProxy section */
		3AE391122CF874B60016EC45 /* PBXContainerItemProxy */ = {
			isa = PBXContainerItemProxy;
			containerPortal = 3A2E12BA2CE0F75900A6060F /* Project object */;
			proxyType = 1;
			remoteGlobalIDString = 3AE3910E2CF874280016EC45;
			remoteInfo = "WireGuard macOS";
		};
		3AF1736E2CE115C2002D8B1C /* PBXContainerItemProxy */ = {
			isa = PBXContainerItemProxy;
			containerPortal = 3A2E12BA2CE0F75900A6060F /* Project object */;
			proxyType = 1;
			remoteGlobalIDString = 3AF173162CE10749002D8B1C;
			remoteInfo = WireguardExtension;
		};
		3AF173712CE115F9002D8B1C /* PBXContainerItemProxy */ = {
			isa = PBXContainerItemProxy;
			containerPortal = 3A2E12BA2CE0F75900A6060F /* Project object */;
			proxyType = 1;
			remoteGlobalIDString = 3AF173682CE1159D002D8B1C;
			remoteInfo = "Wireguard iOS";
		};
		3AF173732CE115F9002D8B1C /* PBXContainerItemProxy */ = {
			isa = PBXContainerItemProxy;
			containerPortal = 3A2E12BA2CE0F75900A6060F /* Project object */;
			proxyType = 1;
			remoteGlobalIDString = 3A2E12D52CE0F8F700A6060F;
			remoteInfo = "Wireguard tvOS";
		};
/* End PBXContainerItemProxy section */

/* Begin PBXCopyFilesBuildPhase section */
		3A293F8E2CE1F7810052D6BF /* Embed Foundation Extensions */ = {
			isa = PBXCopyFilesBuildPhase;
			buildActionMask = 2147483647;
			dstPath = "";
			dstSubfolderSpec = 13;
			files = (
				3A293F8F2CE1F7870052D6BF /* WireGuardExtension.appex in Embed Foundation Extensions */,
			);
			name = "Embed Foundation Extensions";
			runOnlyForDeploymentPostprocessing = 0;
		};
		3A6F78642CE3726400948636 /* Copy Resources */ = {
			isa = PBXCopyFilesBuildPhase;
			buildActionMask = 2147483647;
			dstPath = "";
			dstSubfolderSpec = 7;
			files = (
			);
			name = "Copy Resources";
			runOnlyForDeploymentPostprocessing = 0;
		};
/* End PBXCopyFilesBuildPhase section */

/* Begin PBXFileReference section */
		3ACB942D2CE3DFAF003A945A /* SECURITY.md */ = {isa = PBXFileReference; lastKnownFileType = net.daringfireball.markdown; path = SECURITY.md; sourceTree = "<group>"; };
		3AE90CA02CE0FF4C00FDCFB5 /* Wireguard */ = {isa = PBXFileReference; lastKnownFileType = wrapper; path = Wireguard; sourceTree = "<group>"; };
		3AF173172CE10749002D8B1C /* WireGuardExtension.appex */ = {isa = PBXFileReference; explicitFileType = "wrapper.app-extension"; includeInIndex = 0; path = WireGuardExtension.appex; sourceTree = BUILT_PRODUCTS_DIR; };
		3AF173182CE10749002D8B1C /* NetworkExtension.framework */ = {isa = PBXFileReference; lastKnownFileType = wrapper.framework; name = NetworkExtension.framework; path = System/Library/Frameworks/NetworkExtension.framework; sourceTree = SDKROOT; };
		3AF1735A2CE11530002D8B1C /* SatelliteGuard.app */ = {isa = PBXFileReference; explicitFileType = wrapper.application; includeInIndex = 0; path = SatelliteGuard.app; sourceTree = BUILT_PRODUCTS_DIR; };
		3AF173762CE11729002D8B1C /* SatelliteGuardKit */ = {isa = PBXFileReference; lastKnownFileType = wrapper; path = SatelliteGuardKit; sourceTree = "<group>"; };
/* End PBXFileReference section */

/* Begin PBXFileSystemSynchronizedBuildFileExceptionSet section */
		3AF1738B2CE12A59002D8B1C /* Exceptions for "Multiplatform" folder in "Multiplatform" target */ = {
			isa = PBXFileSystemSynchronizedBuildFileExceptionSet;
			membershipExceptions = (
				Info.plist,
				Utility/SatelliteGuard.icns,
			);
			target = 3AF173592CE11530002D8B1C /* Multiplatform */;
		};
/* End PBXFileSystemSynchronizedBuildFileExceptionSet section */

/* Begin PBXFileSystemSynchronizedGroupBuildPhaseMembershipExceptionSet section */
		3A6F78662CE3726B00948636 /* Exceptions for "Multiplatform" folder in "Copy Resources" phase from "Multiplatform" target */ = {
			isa = PBXFileSystemSynchronizedGroupBuildPhaseMembershipExceptionSet;
			buildPhase = 3A6F78642CE3726400948636 /* Copy Resources */;
			membershipExceptions = (
				Utility/SatelliteGuard.icns,
			);
		};
/* End PBXFileSystemSynchronizedGroupBuildPhaseMembershipExceptionSet section */

/* Begin PBXFileSystemSynchronizedRootGroup section */
		3AF1731A2CE10749002D8B1C /* WireguardExtension */ = {
			isa = PBXFileSystemSynchronizedRootGroup;
			path = WireguardExtension;
			sourceTree = "<group>";
		};
		3AF1735B2CE11530002D8B1C /* Multiplatform */ = {
			isa = PBXFileSystemSynchronizedRootGroup;
			exceptions = (
				3AF1738B2CE12A59002D8B1C /* Exceptions for "Multiplatform" folder in "Multiplatform" target */,
				3A6F78662CE3726B00948636 /* Exceptions for "Multiplatform" folder in "Copy Resources" phase from "Multiplatform" target */,
			);
			path = Multiplatform;
			sourceTree = "<group>";
		};
/* End PBXFileSystemSynchronizedRootGroup section */

/* Begin PBXFrameworksBuildPhase section */
		3AF173142CE10749002D8B1C /* Frameworks */ = {
			isa = PBXFrameworksBuildPhase;
			buildActionMask = 2147483647;
			files = (
				3AF173782CE117B8002D8B1C /* WireGuardKit in Frameworks */,
				3AF1737C2CE117D0002D8B1C /* SatelliteGuardKit in Frameworks */,
				3AF173192CE10749002D8B1C /* NetworkExtension.framework in Frameworks */,
			);
			runOnlyForDeploymentPostprocessing = 0;
		};
		3AF173572CE11530002D8B1C /* Frameworks */ = {
			isa = PBXFrameworksBuildPhase;
			buildActionMask = 2147483647;
			files = (
				3AF1737A2CE117CB002D8B1C /* SatelliteGuardKit in Frameworks */,
			);
			runOnlyForDeploymentPostprocessing = 0;
		};
/* End PBXFrameworksBuildPhase section */

/* Begin PBXGroup section */
		3A2E12B92CE0F75900A6060F = {
			isa = PBXGroup;
			children = (
				3ACB942D2CE3DFAF003A945A /* SECURITY.md */,
				3AF1735B2CE11530002D8B1C /* Multiplatform */,
				3AF1731A2CE10749002D8B1C /* WireguardExtension */,
				3AE90CA02CE0FF4C00FDCFB5 /* Wireguard */,
				3AF173762CE11729002D8B1C /* SatelliteGuardKit */,
				3A6882652CE0FFC600F9E434 /* Frameworks */,
				3A2E12C32CE0F75900A6060F /* Products */,
			);
			sourceTree = "<group>";
		};
		3A2E12C32CE0F75900A6060F /* Products */ = {
			isa = PBXGroup;
			children = (
				3AF173172CE10749002D8B1C /* WireGuardExtension.appex */,
				3AF1735A2CE11530002D8B1C /* SatelliteGuard.app */,
			);
			name = Products;
			sourceTree = "<group>";
		};
		3A6882652CE0FFC600F9E434 /* Frameworks */ = {
			isa = PBXGroup;
			children = (
				3AF173182CE10749002D8B1C /* NetworkExtension.framework */,
			);
			name = Frameworks;
			sourceTree = "<group>";
		};
/* End PBXGroup section */

/* Begin PBXLegacyTarget section */
		3A2E12D52CE0F8F700A6060F /* WireGuard tvOS */ = {
			isa = PBXLegacyTarget;
			buildArgumentsString = "$(ACTION)";
			buildConfigurationList = 3A2E12D62CE0F8F700A6060F /* Build configuration list for PBXLegacyTarget "WireGuard tvOS" */;
			buildPhases = (
			);
			buildToolPath = /usr/bin/make;
			buildWorkingDirectory = "$(PROJECT_DIR)/Wireguard/Sources/WireGuardKitGo/";
			dependencies = (
			);
			name = "WireGuard tvOS";
			packageProductDependencies = (
			);
			passBuildSettingsInEnvironment = 1;
			productName = "Wireguard tvOS";
		};
		3AE3910E2CF874280016EC45 /* WireGuard macOS */ = {
			isa = PBXLegacyTarget;
			buildArgumentsString = "$(ACTION)";
			buildConfigurationList = 3AE3910F2CF874280016EC45 /* Build configuration list for PBXLegacyTarget "WireGuard macOS" */;
			buildPhases = (
			);
			buildToolPath = /usr/bin/make;
			buildWorkingDirectory = "$(PROJECT_DIR)/Wireguard/Sources/WireGuardKitGo/";
			dependencies = (
			);
			name = "WireGuard macOS";
			packageProductDependencies = (
			);
			passBuildSettingsInEnvironment = 1;
			productName = "Wireguard tvOS";
		};
		3AF173682CE1159D002D8B1C /* WireGuard iOS */ = {
			isa = PBXLegacyTarget;
			buildArgumentsString = "$(ACTION)";
			buildConfigurationList = 3AF173692CE1159D002D8B1C /* Build configuration list for PBXLegacyTarget "WireGuard iOS" */;
			buildPhases = (
			);
			buildToolPath = /usr/bin/make;
			buildWorkingDirectory = "$(PROJECT_DIR)/Wireguard/Sources/WireGuardKitGo/";
			dependencies = (
			);
			name = "WireGuard iOS";
			packageProductDependencies = (
			);
			passBuildSettingsInEnvironment = 1;
			productName = "Wireguard iOS";
		};
/* End PBXLegacyTarget section */

/* Begin PBXNativeTarget section */
		3AF173162CE10749002D8B1C /* WireGuardExtension */ = {
			isa = PBXNativeTarget;
			buildConfigurationList = 3AF173232CE10749002D8B1C /* Build configuration list for PBXNativeTarget "WireGuardExtension" */;
			buildPhases = (
				3AF173132CE10749002D8B1C /* Sources */,
				3AF173142CE10749002D8B1C /* Frameworks */,
				3A293F692CE179D40052D6BF /* ShellScript */,
			);
			buildRules = (
			);
			dependencies = (
				3AE391132CF874B60016EC45 /* PBXTargetDependency */,
				3AF173722CE115F9002D8B1C /* PBXTargetDependency */,
				3AF173742CE115F9002D8B1C /* PBXTargetDependency */,
			);
			fileSystemSynchronizedGroups = (
				3AF1731A2CE10749002D8B1C /* WireguardExtension */,
			);
			name = WireGuardExtension;
			packageProductDependencies = (
				3AF173772CE117B8002D8B1C /* WireGuardKit */,
				3AF1737B2CE117D0002D8B1C /* SatelliteGuardKit */,
			);
			productName = WireguardExtension;
			productReference = 3AF173172CE10749002D8B1C /* WireGuardExtension.appex */;
			productType = "com.apple.product-type.app-extension";
		};
		3AF173592CE11530002D8B1C /* Multiplatform */ = {
			isa = PBXNativeTarget;
			buildConfigurationList = 3AF173652CE11531002D8B1C /* Build configuration list for PBXNativeTarget "Multiplatform" */;
			buildPhases = (
				3AF173562CE11530002D8B1C /* Sources */,
				3AF173572CE11530002D8B1C /* Frameworks */,
				3A6F78642CE3726400948636 /* Copy Resources */,
				3AF173582CE11530002D8B1C /* Resources */,
				3A293F8E2CE1F7810052D6BF /* Embed Foundation Extensions */,
				3A293F682CE179C60052D6BF /* ShellScript */,
			);
			buildRules = (
			);
			dependencies = (
				3AF1736F2CE115C2002D8B1C /* PBXTargetDependency */,
			);
			fileSystemSynchronizedGroups = (
				3AF1735B2CE11530002D8B1C /* Multiplatform */,
			);
			name = Multiplatform;
			packageProductDependencies = (
				3AF173792CE117CB002D8B1C /* SatelliteGuardKit */,
			);
			productName = Multiplatform;
			productReference = 3AF1735A2CE11530002D8B1C /* SatelliteGuard.app */;
			productType = "com.apple.product-type.application";
		};
/* End PBXNativeTarget section */

/* Begin PBXProject section */
		3A2E12BA2CE0F75900A6060F /* Project object */ = {
			isa = PBXProject;
			attributes = {
				BuildIndependentTargetsInParallel = 1;
				LastSwiftUpdateCheck = 1610;
				LastUpgradeCheck = 1610;
				TargetAttributes = {
					3A2E12D52CE0F8F700A6060F = {
						CreatedOnToolsVersion = 16.1;
					};
					3AF173162CE10749002D8B1C = {
						CreatedOnToolsVersion = 16.1;
					};
					3AF173592CE11530002D8B1C = {
						CreatedOnToolsVersion = 16.1;
					};
					3AF173682CE1159D002D8B1C = {
						CreatedOnToolsVersion = 16.1;
					};
				};
			};
			buildConfigurationList = 3A2E12BD2CE0F75900A6060F /* Build configuration list for PBXProject "SatelliteGuard" */;
			developmentRegion = en;
			hasScannedForEncodings = 0;
			knownRegions = (
				en,
				Base,
				de,
			);
			mainGroup = 3A2E12B92CE0F75900A6060F;
			minimizedProjectReferenceProxies = 1;
			packageReferences = (
			);
			preferredProjectObjectVersion = 77;
			productRefGroup = 3A2E12C32CE0F75900A6060F /* Products */;
			projectDirPath = "";
			projectRoot = "";
			targets = (
				3AF173592CE11530002D8B1C /* Multiplatform */,
				3AF173162CE10749002D8B1C /* WireGuardExtension */,
				3AF173682CE1159D002D8B1C /* WireGuard iOS */,
				3A2E12D52CE0F8F700A6060F /* WireGuard tvOS */,
				3AE3910E2CF874280016EC45 /* WireGuard macOS */,
			);
		};
/* End PBXProject section */

/* Begin PBXResourcesBuildPhase section */
		3AF173582CE11530002D8B1C /* Resources */ = {
			isa = PBXResourcesBuildPhase;
			buildActionMask = 2147483647;
			files = (
			);
			runOnlyForDeploymentPostprocessing = 0;
		};
/* End PBXResourcesBuildPhase section */

/* Begin PBXShellScriptBuildPhase section */
		3A293F682CE179C60052D6BF /* ShellScript */ = {
			isa = PBXShellScriptBuildPhase;
			alwaysOutOfDate = 1;
			buildActionMask = 2147483647;
			files = (
			);
			inputFileListPaths = (
			);
			inputPaths = (
			);
			outputFileListPaths = (
			);
			outputPaths = (
			);
			runOnlyForDeploymentPostprocessing = 0;
			shellPath = /bin/sh;
			shellScript = "if [ \"${CONFIGURATION}\" = \"Release\" ]; then\n    buildNumber=$(git rev-list --count head)\n    /usr/libexec/PlistBuddy -c \"Set :CFBundleVersion $buildNumber\" \"${TARGET_BUILD_DIR}/${INFOPLIST_PATH}\"\nfi\n";
		};
		3A293F692CE179D40052D6BF /* ShellScript */ = {
			isa = PBXShellScriptBuildPhase;
			alwaysOutOfDate = 1;
			buildActionMask = 2147483647;
			files = (
			);
			inputFileListPaths = (
			);
			inputPaths = (
			);
			outputFileListPaths = (
			);
			outputPaths = (
			);
			runOnlyForDeploymentPostprocessing = 0;
			shellPath = /bin/sh;
			shellScript = "if [ \"${CONFIGURATION}\" = \"Release\" ]; then\n    buildNumber=$(git rev-list --count head)\n    /usr/libexec/PlistBuddy -c \"Set :CFBundleVersion $buildNumber\" \"${TARGET_BUILD_DIR}/${INFOPLIST_PATH}\"\nfi\n";
		};
/* End PBXShellScriptBuildPhase section */

/* Begin PBXSourcesBuildPhase section */
		3AF173132CE10749002D8B1C /* Sources */ = {
			isa = PBXSourcesBuildPhase;
			buildActionMask = 2147483647;
			files = (
			);
			runOnlyForDeploymentPostprocessing = 0;
		};
		3AF173562CE11530002D8B1C /* Sources */ = {
			isa = PBXSourcesBuildPhase;
			buildActionMask = 2147483647;
			files = (
			);
			runOnlyForDeploymentPostprocessing = 0;
		};
/* End PBXSourcesBuildPhase section */

/* Begin PBXTargetDependency section */
		3AE391132CF874B60016EC45 /* PBXTargetDependency */ = {
			isa = PBXTargetDependency;
			platformFilters = (
				macos,
			);
			target = 3AE3910E2CF874280016EC45 /* WireGuard macOS */;
			targetProxy = 3AE391122CF874B60016EC45 /* PBXContainerItemProxy */;
		};
		3AF1736F2CE115C2002D8B1C /* PBXTargetDependency */ = {
			isa = PBXTargetDependency;
			target = 3AF173162CE10749002D8B1C /* WireGuardExtension */;
			targetProxy = 3AF1736E2CE115C2002D8B1C /* PBXContainerItemProxy */;
		};
		3AF173722CE115F9002D8B1C /* PBXTargetDependency */ = {
			isa = PBXTargetDependency;
			platformFilter = ios;
			target = 3AF173682CE1159D002D8B1C /* WireGuard iOS */;
			targetProxy = 3AF173712CE115F9002D8B1C /* PBXContainerItemProxy */;
		};
		3AF173742CE115F9002D8B1C /* PBXTargetDependency */ = {
			isa = PBXTargetDependency;
			platformFilters = (
				tvos,
			);
			target = 3A2E12D52CE0F8F700A6060F /* WireGuard tvOS */;
			targetProxy = 3AF173732CE115F9002D8B1C /* PBXContainerItemProxy */;
		};
/* End PBXTargetDependency section */

/* Begin XCBuildConfiguration section */
		3A2E12CE2CE0F75A00A6060F /* Debug */ = {
			isa = XCBuildConfiguration;
			buildSettings = {
				ALLOW_TARGET_PLATFORM_SPECIALIZATION = YES;
				ALWAYS_SEARCH_USER_PATHS = NO;
				ASSETCATALOG_COMPILER_GENERATE_SWIFT_ASSET_SYMBOL_EXTENSIONS = YES;
				CLANG_ANALYZER_NONNULL = YES;
				CLANG_ANALYZER_NUMBER_OBJECT_CONVERSION = YES_AGGRESSIVE;
				CLANG_CXX_LANGUAGE_STANDARD = "gnu++20";
				CLANG_ENABLE_MODULES = YES;
				CLANG_ENABLE_OBJC_ARC = YES;
				CLANG_ENABLE_OBJC_WEAK = YES;
				CLANG_WARN_BLOCK_CAPTURE_AUTORELEASING = YES;
				CLANG_WARN_BOOL_CONVERSION = YES;
				CLANG_WARN_COMMA = YES;
				CLANG_WARN_CONSTANT_CONVERSION = YES;
				CLANG_WARN_DEPRECATED_OBJC_IMPLEMENTATIONS = YES;
				CLANG_WARN_DIRECT_OBJC_ISA_USAGE = YES_ERROR;
				CLANG_WARN_DOCUMENTATION_COMMENTS = YES;
				CLANG_WARN_EMPTY_BODY = YES;
				CLANG_WARN_ENUM_CONVERSION = YES;
				CLANG_WARN_INFINITE_RECURSION = YES;
				CLANG_WARN_INT_CONVERSION = YES;
				CLANG_WARN_NON_LITERAL_NULL_CONVERSION = YES;
				CLANG_WARN_OBJC_IMPLICIT_RETAIN_SELF = YES;
				CLANG_WARN_OBJC_LITERAL_CONVERSION = YES;
				CLANG_WARN_OBJC_ROOT_CLASS = YES_ERROR;
				CLANG_WARN_QUOTED_INCLUDE_IN_FRAMEWORK_HEADER = YES;
				CLANG_WARN_RANGE_LOOP_ANALYSIS = YES;
				CLANG_WARN_STRICT_PROTOTYPES = YES;
				CLANG_WARN_SUSPICIOUS_MOVE = YES;
				CLANG_WARN_UNGUARDED_AVAILABILITY = YES_AGGRESSIVE;
				CLANG_WARN_UNREACHABLE_CODE = YES;
				CLANG_WARN__DUPLICATE_METHOD_MATCH = YES;
				COPY_PHASE_STRIP = NO;
				DEBUG_INFORMATION_FORMAT = dwarf;
				ENABLE_STRICT_OBJC_MSGSEND = YES;
				ENABLE_TESTABILITY = YES;
				ENABLE_USER_SCRIPT_SANDBOXING = NO;
				GCC_C_LANGUAGE_STANDARD = gnu17;
				GCC_DYNAMIC_NO_PIC = NO;
				GCC_NO_COMMON_BLOCKS = YES;
				GCC_OPTIMIZATION_LEVEL = 0;
				GCC_PREPROCESSOR_DEFINITIONS = (
					"DEBUG=1",
					"$(inherited)",
				);
				GCC_WARN_64_TO_32_BIT_CONVERSION = YES;
				GCC_WARN_ABOUT_RETURN_TYPE = YES_ERROR;
				GCC_WARN_UNDECLARED_SELECTOR = YES;
				GCC_WARN_UNINITIALIZED_AUTOS = YES_AGGRESSIVE;
				GCC_WARN_UNUSED_FUNCTION = YES;
				GCC_WARN_UNUSED_VARIABLE = YES;
				INFOPLIST_KEY_UIRequiredDeviceCapabilities = arm64;
				LOCALIZATION_PREFERS_STRING_CATALOGS = YES;
				MTL_ENABLE_DEBUG_INFO = INCLUDE_SOURCE;
				MTL_FAST_MATH = YES;
				ONLY_ACTIVE_ARCH = YES;
				SDKROOT = "";
				SUPPORTED_PLATFORMS = "xrsimulator xros watchsimulator watchos macosx iphonesimulator iphoneos driverkit appletvsimulator appletvos";
				SUPPORTS_MACCATALYST = YES;
				SWIFT_ACTIVE_COMPILATION_CONDITIONS = "DEBUG $(inherited)";
				SWIFT_EMIT_LOC_STRINGS = YES;
				SWIFT_OPTIMIZATION_LEVEL = "-Onone";
			};
			name = Debug;
		};
		3A2E12CF2CE0F75A00A6060F /* Release */ = {
			isa = XCBuildConfiguration;
			buildSettings = {
				ALLOW_TARGET_PLATFORM_SPECIALIZATION = YES;
				ALWAYS_SEARCH_USER_PATHS = NO;
				ASSETCATALOG_COMPILER_GENERATE_SWIFT_ASSET_SYMBOL_EXTENSIONS = YES;
				CLANG_ANALYZER_NONNULL = YES;
				CLANG_ANALYZER_NUMBER_OBJECT_CONVERSION = YES_AGGRESSIVE;
				CLANG_CXX_LANGUAGE_STANDARD = "gnu++20";
				CLANG_ENABLE_MODULES = YES;
				CLANG_ENABLE_OBJC_ARC = YES;
				CLANG_ENABLE_OBJC_WEAK = YES;
				CLANG_WARN_BLOCK_CAPTURE_AUTORELEASING = YES;
				CLANG_WARN_BOOL_CONVERSION = YES;
				CLANG_WARN_COMMA = YES;
				CLANG_WARN_CONSTANT_CONVERSION = YES;
				CLANG_WARN_DEPRECATED_OBJC_IMPLEMENTATIONS = YES;
				CLANG_WARN_DIRECT_OBJC_ISA_USAGE = YES_ERROR;
				CLANG_WARN_DOCUMENTATION_COMMENTS = YES;
				CLANG_WARN_EMPTY_BODY = YES;
				CLANG_WARN_ENUM_CONVERSION = YES;
				CLANG_WARN_INFINITE_RECURSION = YES;
				CLANG_WARN_INT_CONVERSION = YES;
				CLANG_WARN_NON_LITERAL_NULL_CONVERSION = YES;
				CLANG_WARN_OBJC_IMPLICIT_RETAIN_SELF = YES;
				CLANG_WARN_OBJC_LITERAL_CONVERSION = YES;
				CLANG_WARN_OBJC_ROOT_CLASS = YES_ERROR;
				CLANG_WARN_QUOTED_INCLUDE_IN_FRAMEWORK_HEADER = YES;
				CLANG_WARN_RANGE_LOOP_ANALYSIS = YES;
				CLANG_WARN_STRICT_PROTOTYPES = YES;
				CLANG_WARN_SUSPICIOUS_MOVE = YES;
				CLANG_WARN_UNGUARDED_AVAILABILITY = YES_AGGRESSIVE;
				CLANG_WARN_UNREACHABLE_CODE = YES;
				CLANG_WARN__DUPLICATE_METHOD_MATCH = YES;
				COPY_PHASE_STRIP = NO;
				DEBUG_INFORMATION_FORMAT = "dwarf-with-dsym";
				ENABLE_NS_ASSERTIONS = NO;
				ENABLE_STRICT_OBJC_MSGSEND = YES;
				ENABLE_USER_SCRIPT_SANDBOXING = NO;
				GCC_C_LANGUAGE_STANDARD = gnu17;
				GCC_NO_COMMON_BLOCKS = YES;
				GCC_WARN_64_TO_32_BIT_CONVERSION = YES;
				GCC_WARN_ABOUT_RETURN_TYPE = YES_ERROR;
				GCC_WARN_UNDECLARED_SELECTOR = YES;
				GCC_WARN_UNINITIALIZED_AUTOS = YES_AGGRESSIVE;
				GCC_WARN_UNUSED_FUNCTION = YES;
				GCC_WARN_UNUSED_VARIABLE = YES;
				INFOPLIST_KEY_UIRequiredDeviceCapabilities = arm64;
				LOCALIZATION_PREFERS_STRING_CATALOGS = YES;
				MTL_ENABLE_DEBUG_INFO = NO;
				MTL_FAST_MATH = YES;
				SDKROOT = "";
				SUPPORTED_PLATFORMS = "xrsimulator xros watchsimulator watchos macosx iphonesimulator iphoneos driverkit appletvsimulator appletvos";
				SUPPORTS_MACCATALYST = YES;
				SWIFT_COMPILATION_MODE = wholemodule;
				SWIFT_EMIT_LOC_STRINGS = YES;
				VALIDATE_PRODUCT = YES;
			};
			name = Release;
		};
		3A2E12D72CE0F8F700A6060F /* Debug */ = {
			isa = XCBuildConfiguration;
			buildSettings = {
				CODE_SIGN_STYLE = Automatic;
				DEBUGGING_SYMBOLS = YES;
				DEBUG_INFORMATION_FORMAT = dwarf;
				DEVELOPMENT_TEAM = N8AA4S3S96;
				GCC_GENERATE_DEBUGGING_SYMBOLS = YES;
				GCC_OPTIMIZATION_LEVEL = 0;
				OTHER_CFLAGS = "";
				OTHER_LDFLAGS = "";
				PATH = "${PATH}:/opt/homebrew/bin";
				PRODUCT_NAME = "$(TARGET_NAME)";
				SDKROOT = appletvos;
			};
			name = Debug;
		};
		3A2E12D82CE0F8F700A6060F /* Release */ = {
			isa = XCBuildConfiguration;
			buildSettings = {
				CODE_SIGN_STYLE = Automatic;
				DEBUG_INFORMATION_FORMAT = "dwarf-with-dsym";
				DEVELOPMENT_TEAM = N8AA4S3S96;
				OTHER_CFLAGS = "";
				OTHER_LDFLAGS = "";
				PATH = "${PATH}:/opt/homebrew/bin";
				PRODUCT_NAME = "$(TARGET_NAME)";
				SDKROOT = appletvos;
			};
			name = Release;
		};
		3AE391102CF874280016EC45 /* Debug */ = {
			isa = XCBuildConfiguration;
			buildSettings = {
				CODE_SIGN_STYLE = Automatic;
				DEBUGGING_SYMBOLS = YES;
				DEBUG_INFORMATION_FORMAT = dwarf;
				DEVELOPMENT_TEAM = N8AA4S3S96;
				GCC_GENERATE_DEBUGGING_SYMBOLS = YES;
				GCC_OPTIMIZATION_LEVEL = 0;
				OTHER_CFLAGS = "";
				OTHER_LDFLAGS = "";
				PATH = "${PATH}:/opt/homebrew/bin";
				PRODUCT_NAME = "$(TARGET_NAME)";
				SDKROOT = macosx;
			};
			name = Debug;
		};
		3AE391112CF874280016EC45 /* Release */ = {
			isa = XCBuildConfiguration;
			buildSettings = {
				CODE_SIGN_STYLE = Automatic;
				DEBUG_INFORMATION_FORMAT = "dwarf-with-dsym";
				DEVELOPMENT_TEAM = N8AA4S3S96;
				OTHER_CFLAGS = "";
				OTHER_LDFLAGS = "";
				PATH = "${PATH}:/opt/homebrew/bin";
				PRODUCT_NAME = "$(TARGET_NAME)";
				SDKROOT = macosx;
			};
			name = Release;
		};
		3AF173242CE10749002D8B1C /* Debug */ = {
			isa = XCBuildConfiguration;
			buildSettings = {
				CODE_SIGN_ENTITLEMENTS = WireguardExtension/WireguardExtension.entitlements;
				CODE_SIGN_STYLE = Automatic;
				CURRENT_PROJECT_VERSION = DEVELOPMENT;
				DEVELOPMENT_TEAM = N8AA4S3S96;
				ENABLE_HARDENED_RUNTIME = YES;
				GENERATE_INFOPLIST_FILE = YES;
				INFOPLIST_FILE = WireguardExtension/Info.plist;
				INFOPLIST_KEY_CFBundleDisplayName = WireGuardExtension;
				INFOPLIST_KEY_NSHumanReadableCopyright = "";
				IPHONEOS_DEPLOYMENT_TARGET = 18.0;
				LD_RUNPATH_SEARCH_PATHS = (
					"$(inherited)",
					"@executable_path/Frameworks",
					"@executable_path/../../Frameworks",
				);
				MACOSX_DEPLOYMENT_TARGET = 15.0;
				MARKETING_VERSION = 1.0.0;
				PRODUCT_BUNDLE_IDENTIFIER = io.rfk.SatelliteGuard.WireGuardExtension;
				PRODUCT_NAME = "$(TARGET_NAME)";
				REGISTER_APP_GROUPS = NO;
				SKIP_INSTALL = YES;
				SUPPORTED_PLATFORMS = "appletvos appletvsimulator iphoneos iphonesimulator macosx";
				SUPPORTS_MACCATALYST = NO;
				SWIFT_EMIT_LOC_STRINGS = YES;
				SWIFT_VERSION = 5.0;
				TARGETED_DEVICE_FAMILY = "1,3";
				TVOS_DEPLOYMENT_TARGET = 18.0;
			};
			name = Debug;
		};
		3AF173252CE10749002D8B1C /* Release */ = {
			isa = XCBuildConfiguration;
			buildSettings = {
				CODE_SIGN_ENTITLEMENTS = WireguardExtension/WireguardExtension.entitlements;
				CODE_SIGN_STYLE = Automatic;
				CURRENT_PROJECT_VERSION = DEVELOPMENT;
				DEVELOPMENT_TEAM = N8AA4S3S96;
				ENABLE_HARDENED_RUNTIME = YES;
				GENERATE_INFOPLIST_FILE = YES;
				INFOPLIST_FILE = WireguardExtension/Info.plist;
				INFOPLIST_KEY_CFBundleDisplayName = WireGuardExtension;
				INFOPLIST_KEY_NSHumanReadableCopyright = "";
				IPHONEOS_DEPLOYMENT_TARGET = 18.0;
				LD_RUNPATH_SEARCH_PATHS = (
					"$(inherited)",
					"@executable_path/Frameworks",
					"@executable_path/../../Frameworks",
				);
				MACOSX_DEPLOYMENT_TARGET = 15.0;
				MARKETING_VERSION = 1.0.0;
				PRODUCT_BUNDLE_IDENTIFIER = io.rfk.SatelliteGuard.WireGuardExtension;
				PRODUCT_NAME = "$(TARGET_NAME)";
				REGISTER_APP_GROUPS = NO;
				SKIP_INSTALL = YES;
				SUPPORTED_PLATFORMS = "appletvos appletvsimulator iphoneos iphonesimulator macosx";
				SUPPORTS_MACCATALYST = NO;
				SWIFT_EMIT_LOC_STRINGS = YES;
				SWIFT_VERSION = 5.0;
				TARGETED_DEVICE_FAMILY = "1,3";
				TVOS_DEPLOYMENT_TARGET = 18.0;
			};
			name = Release;
		};
		3AF173662CE11531002D8B1C /* Debug */ = {
			isa = XCBuildConfiguration;
			buildSettings = {
				ASSETCATALOG_COMPILER_APPICON_NAME = AppIcon;
				ASSETCATALOG_COMPILER_GLOBAL_ACCENT_COLOR_NAME = AccentColor;
				CODE_SIGN_ENTITLEMENTS = Multiplatform/Multiplatform.entitlements;
				CODE_SIGN_STYLE = Automatic;
				CURRENT_PROJECT_VERSION = DEVELOPMENT;
				DEVELOPMENT_TEAM = N8AA4S3S96;
				ENABLE_HARDENED_RUNTIME = YES;
				ENABLE_PREVIEWS = YES;
				GENERATE_INFOPLIST_FILE = YES;
				INFOPLIST_FILE = Multiplatform/Info.plist;
				INFOPLIST_KEY_CFBundleDisplayName = SatelliteGuard;
				INFOPLIST_KEY_LSApplicationCategoryType = "public.app-category.developer-tools";
				INFOPLIST_KEY_LSSupportsOpeningDocumentsInPlace = YES;
				INFOPLIST_KEY_UIApplicationSceneManifest_Generation = YES;
				INFOPLIST_KEY_UIApplicationSupportsIndirectInputEvents = YES;
				INFOPLIST_KEY_UILaunchScreen_Generation = YES;
				INFOPLIST_KEY_UISupportedInterfaceOrientations_iPad = "UIInterfaceOrientationPortrait UIInterfaceOrientationPortraitUpsideDown UIInterfaceOrientationLandscapeLeft UIInterfaceOrientationLandscapeRight";
				INFOPLIST_KEY_UISupportedInterfaceOrientations_iPhone = "UIInterfaceOrientationPortrait UIInterfaceOrientationLandscapeLeft UIInterfaceOrientationLandscapeRight";
				IPHONEOS_DEPLOYMENT_TARGET = 18.0;
				LD_RUNPATH_SEARCH_PATHS = (
					"$(inherited)",
					"@executable_path/Frameworks",
				);
				MACOSX_DEPLOYMENT_TARGET = 15.0;
				MARKETING_VERSION = 1.0.0;
				PRODUCT_BUNDLE_IDENTIFIER = io.rfk.SatelliteGuard;
				PRODUCT_NAME = SatelliteGuard;
				REGISTER_APP_GROUPS = NO;
				SDKROOT = iphoneos;
				SUPPORTED_PLATFORMS = "appletvos appletvsimulator iphoneos iphonesimulator macosx";
				SUPPORTS_MACCATALYST = NO;
				SUPPORTS_MAC_DESIGNED_FOR_IPHONE_IPAD = NO;
				SUPPORTS_XR_DESIGNED_FOR_IPHONE_IPAD = NO;
				SWIFT_EMIT_LOC_STRINGS = YES;
				SWIFT_VERSION = 5.0;
				TARGETED_DEVICE_FAMILY = "1,3";
				TVOS_DEPLOYMENT_TARGET = 18.0;
			};
			name = Debug;
		};
		3AF173672CE11531002D8B1C /* Release */ = {
			isa = XCBuildConfiguration;
			buildSettings = {
				ASSETCATALOG_COMPILER_APPICON_NAME = AppIcon;
				ASSETCATALOG_COMPILER_GLOBAL_ACCENT_COLOR_NAME = AccentColor;
				CODE_SIGN_ENTITLEMENTS = Multiplatform/Multiplatform.entitlements;
				CODE_SIGN_STYLE = Automatic;
				CURRENT_PROJECT_VERSION = DEVELOPMENT;
				DEVELOPMENT_TEAM = N8AA4S3S96;
				ENABLE_HARDENED_RUNTIME = YES;
				ENABLE_PREVIEWS = YES;
				GENERATE_INFOPLIST_FILE = YES;
				INFOPLIST_FILE = Multiplatform/Info.plist;
				INFOPLIST_KEY_CFBundleDisplayName = SatelliteGuard;
				INFOPLIST_KEY_LSApplicationCategoryType = "public.app-category.developer-tools";
				INFOPLIST_KEY_LSSupportsOpeningDocumentsInPlace = YES;
				INFOPLIST_KEY_UIApplicationSceneManifest_Generation = YES;
				INFOPLIST_KEY_UIApplicationSupportsIndirectInputEvents = YES;
				INFOPLIST_KEY_UILaunchScreen_Generation = YES;
				INFOPLIST_KEY_UISupportedInterfaceOrientations_iPad = "UIInterfaceOrientationPortrait UIInterfaceOrientationPortraitUpsideDown UIInterfaceOrientationLandscapeLeft UIInterfaceOrientationLandscapeRight";
				INFOPLIST_KEY_UISupportedInterfaceOrientations_iPhone = "UIInterfaceOrientationPortrait UIInterfaceOrientationLandscapeLeft UIInterfaceOrientationLandscapeRight";
				IPHONEOS_DEPLOYMENT_TARGET = 18.0;
				LD_RUNPATH_SEARCH_PATHS = (
					"$(inherited)",
					"@executable_path/Frameworks",
				);
				MACOSX_DEPLOYMENT_TARGET = 15.0;
				MARKETING_VERSION = 1.0.0;
				PRODUCT_BUNDLE_IDENTIFIER = io.rfk.SatelliteGuard;
				PRODUCT_NAME = SatelliteGuard;
				REGISTER_APP_GROUPS = NO;
				SDKROOT = iphoneos;
				SUPPORTED_PLATFORMS = "appletvos appletvsimulator iphoneos iphonesimulator macosx";
				SUPPORTS_MACCATALYST = NO;
				SUPPORTS_MAC_DESIGNED_FOR_IPHONE_IPAD = NO;
				SUPPORTS_XR_DESIGNED_FOR_IPHONE_IPAD = NO;
				SWIFT_EMIT_LOC_STRINGS = YES;
				SWIFT_VERSION = 5.0;
				TARGETED_DEVICE_FAMILY = "1,3";
				TVOS_DEPLOYMENT_TARGET = 18.0;
			};
			name = Release;
		};
		3AF1736A2CE1159D002D8B1C /* Debug */ = {
			isa = XCBuildConfiguration;
			buildSettings = {
				CODE_SIGN_STYLE = Automatic;
				DEBUGGING_SYMBOLS = YES;
				DEBUG_INFORMATION_FORMAT = dwarf;
				DEVELOPMENT_TEAM = N8AA4S3S96;
				ENABLE_USER_SCRIPT_SANDBOXING = YES;
				GCC_GENERATE_DEBUGGING_SYMBOLS = YES;
				GCC_OPTIMIZATION_LEVEL = 0;
				OTHER_CFLAGS = "";
				OTHER_LDFLAGS = "";
				PATH = "${PATH}:/opt/homebrew/bin";
				PRODUCT_NAME = "$(TARGET_NAME)";
				SDKROOT = iphoneos;
				SUPPORTED_PLATFORMS = "iphoneos iphonesimulator";
			};
			name = Debug;
		};
		3AF1736B2CE1159D002D8B1C /* Release */ = {
			isa = XCBuildConfiguration;
			buildSettings = {
				CODE_SIGN_STYLE = Automatic;
				DEBUG_INFORMATION_FORMAT = "dwarf-with-dsym";
				DEVELOPMENT_TEAM = N8AA4S3S96;
				ENABLE_USER_SCRIPT_SANDBOXING = YES;
				OTHER_CFLAGS = "";
				OTHER_LDFLAGS = "";
				PATH = "${PATH}:/opt/homebrew/bin";
				PRODUCT_NAME = "$(TARGET_NAME)";
				SDKROOT = iphoneos;
				SUPPORTED_PLATFORMS = "iphoneos iphonesimulator";
			};
			name = Release;
		};
/* End XCBuildConfiguration section */

/* Begin XCConfigurationList section */
		3A2E12BD2CE0F75900A6060F /* Build configuration list for PBXProject "SatelliteGuard" */ = {
			isa = XCConfigurationList;
			buildConfigurations = (
				3A2E12CE2CE0F75A00A6060F /* Debug */,
				3A2E12CF2CE0F75A00A6060F /* Release */,
			);
			defaultConfigurationIsVisible = 0;
			defaultConfigurationName = Release;
		};
		3A2E12D62CE0F8F700A6060F /* Build configuration list for PBXLegacyTarget "WireGuard tvOS" */ = {
			isa = XCConfigurationList;
			buildConfigurations = (
				3A2E12D72CE0F8F700A6060F /* Debug */,
				3A2E12D82CE0F8F700A6060F /* Release */,
			);
			defaultConfigurationIsVisible = 0;
			defaultConfigurationName = Release;
		};
		3AE3910F2CF874280016EC45 /* Build configuration list for PBXLegacyTarget "WireGuard macOS" */ = {
			isa = XCConfigurationList;
			buildConfigurations = (
				3AE391102CF874280016EC45 /* Debug */,
				3AE391112CF874280016EC45 /* Release */,
			);
			defaultConfigurationIsVisible = 0;
			defaultConfigurationName = Release;
		};
		3AF173232CE10749002D8B1C /* Build configuration list for PBXNativeTarget "WireGuardExtension" */ = {
			isa = XCConfigurationList;
			buildConfigurations = (
				3AF173242CE10749002D8B1C /* Debug */,
				3AF173252CE10749002D8B1C /* Release */,
			);
			defaultConfigurationIsVisible = 0;
			defaultConfigurationName = Release;
		};
		3AF173652CE11531002D8B1C /* Build configuration list for PBXNativeTarget "Multiplatform" */ = {
			isa = XCConfigurationList;
			buildConfigurations = (
				3AF173662CE11531002D8B1C /* Debug */,
				3AF173672CE11531002D8B1C /* Release */,
			);
			defaultConfigurationIsVisible = 0;
			defaultConfigurationName = Release;
		};
		3AF173692CE1159D002D8B1C /* Build configuration list for PBXLegacyTarget "WireGuard iOS" */ = {
			isa = XCConfigurationList;
			buildConfigurations = (
				3AF1736A2CE1159D002D8B1C /* Debug */,
				3AF1736B2CE1159D002D8B1C /* Release */,
			);
			defaultConfigurationIsVisible = 0;
			defaultConfigurationName = Release;
		};
/* End XCConfigurationList section */

/* Begin XCSwiftPackageProductDependency section */
		3AF173772CE117B8002D8B1C /* WireGuardKit */ = {
			isa = XCSwiftPackageProductDependency;
			productName = WireGuardKit;
		};
		3AF173792CE117CB002D8B1C /* SatelliteGuardKit */ = {
			isa = XCSwiftPackageProductDependency;
			productName = SatelliteGuardKit;
		};
		3AF1737B2CE117D0002D8B1C /* SatelliteGuardKit */ = {
			isa = XCSwiftPackageProductDependency;
			productName = SatelliteGuardKit;
		};
/* End XCSwiftPackageProductDependency section */
	};
	rootObject = 3A2E12BA2CE0F75900A6060F /* Project object */;
}
